
Microsoft Visual Studio Solution File, Format Version 12.00
# Visual Studio Version 17
VisualStudioVersion = 17.7.34031.279
MinimumVisualStudioVersion = 10.0.40219.1
Project("{FAE04EC0-301F-11D3-BF4B-00C04F79EFBC}") = "SpeedLimit", "SpeedLimit\SpeedLimit.csproj", "{C5D31D88-2167-4FB5-8944-C5F2403A04F0}"
EndProject
Project("{FAE04EC0-301F-11D3-BF4B-00C04F79EFBC}") = "Tests", "Tests\Tests.csproj", "{3DB46F14-19AB-4E37-83A9-9660FF165868}"
EndProject
Global
	GlobalSection(SolutionConfigurationPlatforms) = preSolution
		Debug|Any CPU = Debug|Any CPU
		Release|Any CPU = Release|Any CPU
	EndGlobalSection
	GlobalSection(ProjectConfigurationPlatforms) = postSolution
		{C5D31D88-2167-4FB5-8944-C5F2403A04F0}.Debug|Any CPU.ActiveCfg = Debug|Any CPU
		{C5D31D88-2167-4FB5-8944-C5F2403A04F0}.Debug|Any CPU.Build.0 = Debug|Any CPU
		{C5D31D88-2167-4FB5-8944-C5F2403A04F0}.Release|Any CPU.ActiveCfg = Release|Any CPU
		{C5D31D88-2167-4FB5-8944-C5F2403A04F0}.Release|Any CPU.Build.0 = Release|Any CPU
		{3DB46F14-19AB-4E37-83A9-9660FF165868}.Debug|Any CPU.ActiveCfg = Debug|Any CPU
		{3DB46F14-19AB-4E37-83A9-9660FF165868}.Debug|Any CPU.Build.0 = Debug|Any CPU
		{3DB46F14-19AB-4E37-83A9-9660FF165868}.Release|Any CPU.ActiveCfg = Release|Any CPU
		{3DB46F14-19AB-4E37-83A9-9660FF165868}.Release|Any CPU.Build.0 = Release|Any CPU
	EndGlobalSection
	GlobalSection(SolutionProperties) = preSolution
		HideSolutionNode = FALSE
	EndGlobalSection
	GlobalSection(ExtensibilityGlobals) = postSolution
		SolutionGuid = {1D4B3E2B-BE01-4B8E-B0B5-F7B76E298302}
	EndGlobalSection
EndGlobal
